
Microsoft Visual Studio Solution File, Format Version 12.00
# Visual Studio Version 17
VisualStudioVersion = 17.1.32328.378
MinimumVisualStudioVersion = 10.0.40219.1
Project("{FAE04EC0-301F-11D3-BF4B-00C04F79EFBC}") = "RunMinecraftSv", "RunMinecraftSv.csproj", "{0AA9924B-5C46-4558-92F4-4EC63951B840}"
EndProject
Global
	GlobalSection(SolutionConfigurationPlatforms) = preSolution
		Debug|Any CPU = Debug|Any CPU
		Release|Any CPU = Release|Any CPU
	EndGlobalSection
	GlobalSection(ProjectConfigurationPlatforms) = postSolution
		{0AA9924B-5C46-4558-92F4-4EC63951B840}.Debug|Any CPU.ActiveCfg = Debug|Any CPU
		{0AA9924B-5C46-4558-92F4-4EC63951B840}.Debug|Any CPU.Build.0 = Debug|Any CPU
		{0AA9924B-5C46-4558-92F4-4EC63951B840}.Release|Any CPU.ActiveCfg = Release|Any CPU
		{0AA9924B-5C46-4558-92F4-4EC63951B840}.Release|Any CPU.Build.0 = Release|Any CPU
	EndGlobalSection
	GlobalSection(SolutionProperties) = preSolution
		HideSolutionNode = FALSE
	EndGlobalSection
	GlobalSection(ExtensibilityGlobals) = postSolution
		SolutionGuid = {1FB5560C-2090-4C64-B988-880675A91332}
	EndGlobalSection
EndGlobal
